// !$*UTF8*$!
{
	archiveVersion = 1;
	classes = {
	};
	objectVersion = 50;
	objects = {

/* Begin PBXBuildFile section */
		3F12859825194D480074E1CD /* TimeInterval+CompactString.swift in Sources */ = {isa = PBXBuildFile; fileRef = 3F12859725194D480074E1CD /* TimeInterval+CompactString.swift */; };
		3F1FE7F5251EADF8008C20E9 /* hand_bells_cluster.m4a in Resources */ = {isa = PBXBuildFile; fileRef = 3F1FE7F4251EADF8008C20E9 /* hand_bells_cluster.m4a */; };
		3F1FE7FB251ED975008C20E9 /* 483598__raclure__wrong.m4a in Resources */ = {isa = PBXBuildFile; fileRef = 3F1FE7FA251ED975008C20E9 /* 483598__raclure__wrong.m4a */; };
		3F1FE7FE251EDAF6008C20E9 /* 325413__satchdev__cute-pixie-says-game-over.m4a in Resources */ = {isa = PBXBuildFile; fileRef = 3F1FE7FD251EDAF6008C20E9 /* 325413__satchdev__cute-pixie-says-game-over.m4a */; };
		3F1FE807251FCE29008C20E9 /* 511484__mattleschuck__success-bell.m4a in Resources */ = {isa = PBXBuildFile; fileRef = 3F1FE806251FCE29008C20E9 /* 511484__mattleschuck__success-bell.m4a */; };
		3F1FE810251FD263008C20E9 /* magic_wand.m4a in Resources */ = {isa = PBXBuildFile; fileRef = 3F1FE80F251FD263008C20E9 /* magic_wand.m4a */; };
		3F1FE81325223784008C20E9 /* Card.swift in Sources */ = {isa = PBXBuildFile; fileRef = 3F1FE81225223784008C20E9 /* Card.swift */; };
		3F1FE81625223D79008C20E9 /* Array+Card.swift in Sources */ = {isa = PBXBuildFile; fileRef = 3F1FE81525223D79008C20E9 /* Array+Card.swift */; };
		3F2BD9EC25143F8600DCA0D9 /* Set_GameApp.swift in Sources */ = {isa = PBXBuildFile; fileRef = 3F2BD9EB25143F8600DCA0D9 /* Set_GameApp.swift */; };
		3F2BD9EE25143F8600DCA0D9 /* SetGameView.swift in Sources */ = {isa = PBXBuildFile; fileRef = 3F2BD9ED25143F8600DCA0D9 /* SetGameView.swift */; };
		3F2BD9F025143F8A00DCA0D9 /* Assets.xcassets in Resources */ = {isa = PBXBuildFile; fileRef = 3F2BD9EF25143F8A00DCA0D9 /* Assets.xcassets */; };
		3F2BD9F325143F8A00DCA0D9 /* Preview Assets.xcassets in Resources */ = {isa = PBXBuildFile; fileRef = 3F2BD9F225143F8A00DCA0D9 /* Preview Assets.xcassets */; };
		3F2BDA012514409900DCA0D9 /* SetGame.swift in Sources */ = {isa = PBXBuildFile; fileRef = 3F2BDA002514409900DCA0D9 /* SetGame.swift */; };
		3F2BDA092514445600DCA0D9 /* Cardify.swift in Sources */ = {isa = PBXBuildFile; fileRef = 3F2BDA082514445600DCA0D9 /* Cardify.swift */; };
		3F2BDA0C2514452E00DCA0D9 /* SetShape.swift in Sources */ = {isa = PBXBuildFile; fileRef = 3F2BDA0B2514452E00DCA0D9 /* SetShape.swift */; };
		3F2BDA0F2514784500DCA0D9 /* Symbol+Extension.swift in Sources */ = {isa = PBXBuildFile; fileRef = 3F2BDA0E2514784500DCA0D9 /* Symbol+Extension.swift */; };
		3F2BDA13251478D100DCA0D9 /* CardView.swift in Sources */ = {isa = PBXBuildFile; fileRef = 3F2BDA12251478D100DCA0D9 /* CardView.swift */; };
		3F710594251519F700895130 /* SetGameViewModel.swift in Sources */ = {isa = PBXBuildFile; fileRef = 3F710593251519F700895130 /* SetGameViewModel.swift */; };
		3F71059725151DF700895130 /* Array+Identifiable.swift in Sources */ = {isa = PBXBuildFile; fileRef = 3F71059625151DF700895130 /* Array+Identifiable.swift */; };
		3F71059A25166BC700895130 /* SetShapeView.swift in Sources */ = {isa = PBXBuildFile; fileRef = 3F71059925166BC700895130 /* SetShapeView.swift */; };
		3F768A15251D22A5003DA5B2 /* SoundPlayer.swift in Sources */ = {isa = PBXBuildFile; fileRef = 3F768A14251D22A5003DA5B2 /* SoundPlayer.swift */; };
		3F768A22251D6331003DA5B2 /* 328118__greenvwbeetle__pop-7.m4a in Resources */ = {isa = PBXBuildFile; fileRef = 3F768A21251D6331003DA5B2 /* 328118__greenvwbeetle__pop-7.m4a */; };
		3F768A25251D6442003DA5B2 /* 84322__splashdust__flipcard.m4a in Resources */ = {isa = PBXBuildFile; fileRef = 3F768A24251D6442003DA5B2 /* 84322__splashdust__flipcard.m4a */; };
		3F768A29251D6925003DA5B2 /* deal_twelve_cards.m4a in Resources */ = {isa = PBXBuildFile; fileRef = 3F768A28251D6925003DA5B2 /* deal_twelve_cards.m4a */; };
		3F768A2C251D6A77003DA5B2 /* deal_three_cards.m4a in Resources */ = {isa = PBXBuildFile; fileRef = 3F768A2B251D6A77003DA5B2 /* deal_three_cards.m4a */; };
/* End PBXBuildFile section */

/* Begin PBXFileReference section */
		3F12859725194D480074E1CD /* TimeInterval+CompactString.swift */ = {isa = PBXFileReference; lastKnownFileType = sourcecode.swift; path = "TimeInterval+CompactString.swift"; sourceTree = "<group>"; };
		3F1FE7F4251EADF8008C20E9 /* hand_bells_cluster.m4a */ = {isa = PBXFileReference; lastKnownFileType = file; path = hand_bells_cluster.m4a; sourceTree = "<group>"; };
		3F1FE7FA251ED975008C20E9 /* 483598__raclure__wrong.m4a */ = {isa = PBXFileReference; lastKnownFileType = file; path = 483598__raclure__wrong.m4a; sourceTree = "<group>"; };
		3F1FE7FD251EDAF6008C20E9 /* 325413__satchdev__cute-pixie-says-game-over.m4a */ = {isa = PBXFileReference; lastKnownFileType = file; path = "325413__satchdev__cute-pixie-says-game-over.m4a"; sourceTree = "<group>"; };
		3F1FE806251FCE29008C20E9 /* 511484__mattleschuck__success-bell.m4a */ = {isa = PBXFileReference; lastKnownFileType = file; path = "511484__mattleschuck__success-bell.m4a"; sourceTree = "<group>"; };
		3F1FE80F251FD263008C20E9 /* magic_wand.m4a */ = {isa = PBXFileReference; lastKnownFileType = file; path = magic_wand.m4a; sourceTree = "<group>"; };
		3F1FE81225223784008C20E9 /* Card.swift */ = {isa = PBXFileReference; lastKnownFileType = sourcecode.swift; path = Card.swift; sourceTree = "<group>"; };
		3F1FE81525223D79008C20E9 /* Array+Card.swift */ = {isa = PBXFileReference; lastKnownFileType = sourcecode.swift; path = "Array+Card.swift"; sourceTree = "<group>"; };
		3F2BD9E825143F8600DCA0D9 /* Set Game.app */ = {isa = PBXFileReference; explicitFileType = wrapper.application; includeInIndex = 0; path = "Set Game.app"; sourceTree = BUILT_PRODUCTS_DIR; };
		3F2BD9EB25143F8600DCA0D9 /* Set_GameApp.swift */ = {isa = PBXFileReference; lastKnownFileType = sourcecode.swift; path = Set_GameApp.swift; sourceTree = "<group>"; };
		3F2BD9ED25143F8600DCA0D9 /* SetGameView.swift */ = {isa = PBXFileReference; lastKnownFileType = sourcecode.swift; path = SetGameView.swift; sourceTree = "<group>"; };
		3F2BD9EF25143F8A00DCA0D9 /* Assets.xcassets */ = {isa = PBXFileReference; lastKnownFileType = folder.assetcatalog; path = Assets.xcassets; sourceTree = "<group>"; };
		3F2BD9F225143F8A00DCA0D9 /* Preview Assets.xcassets */ = {isa = PBXFileReference; lastKnownFileType = folder.assetcatalog; path = "Preview Assets.xcassets"; sourceTree = "<group>"; };
		3F2BD9F425143F8A00DCA0D9 /* Info.plist */ = {isa = PBXFileReference; lastKnownFileType = text.plist.xml; path = Info.plist; sourceTree = "<group>"; };
		3F2BDA002514409900DCA0D9 /* SetGame.swift */ = {isa = PBXFileReference; lastKnownFileType = sourcecode.swift; path = SetGame.swift; sourceTree = "<group>"; };
		3F2BDA082514445600DCA0D9 /* Cardify.swift */ = {isa = PBXFileReference; fileEncoding = 4; lastKnownFileType = sourcecode.swift; path = Cardify.swift; sourceTree = "<group>"; };
		3F2BDA0B2514452E00DCA0D9 /* SetShape.swift */ = {isa = PBXFileReference; lastKnownFileType = sourcecode.swift; path = SetShape.swift; sourceTree = "<group>"; };
		3F2BDA0E2514784500DCA0D9 /* Symbol+Extension.swift */ = {isa = PBXFileReference; lastKnownFileType = sourcecode.swift; path = "Symbol+Extension.swift"; sourceTree = "<group>"; };
		3F2BDA12251478D100DCA0D9 /* CardView.swift */ = {isa = PBXFileReference; lastKnownFileType = sourcecode.swift; path = CardView.swift; sourceTree = "<group>"; };
		3F710593251519F700895130 /* SetGameViewModel.swift */ = {isa = PBXFileReference; lastKnownFileType = sourcecode.swift; path = SetGameViewModel.swift; sourceTree = "<group>"; };
		3F71059625151DF700895130 /* Array+Identifiable.swift */ = {isa = PBXFileReference; fileEncoding = 4; lastKnownFileType = sourcecode.swift; path = "Array+Identifiable.swift"; sourceTree = "<group>"; };
		3F71059925166BC700895130 /* SetShapeView.swift */ = {isa = PBXFileReference; lastKnownFileType = sourcecode.swift; path = SetShapeView.swift; sourceTree = "<group>"; };
		3F768A14251D22A5003DA5B2 /* SoundPlayer.swift */ = {isa = PBXFileReference; lastKnownFileType = sourcecode.swift; path = SoundPlayer.swift; sourceTree = "<group>"; };
		3F768A21251D6331003DA5B2 /* 328118__greenvwbeetle__pop-7.m4a */ = {isa = PBXFileReference; lastKnownFileType = file; path = "328118__greenvwbeetle__pop-7.m4a"; sourceTree = "<group>"; };
		3F768A24251D6442003DA5B2 /* 84322__splashdust__flipcard.m4a */ = {isa = PBXFileReference; lastKnownFileType = file; path = 84322__splashdust__flipcard.m4a; sourceTree = "<group>"; };
		3F768A28251D6925003DA5B2 /* deal_twelve_cards.m4a */ = {isa = PBXFileReference; lastKnownFileType = file; path = deal_twelve_cards.m4a; sourceTree = "<group>"; };
		3F768A2B251D6A77003DA5B2 /* deal_three_cards.m4a */ = {isa = PBXFileReference; lastKnownFileType = file; path = deal_three_cards.m4a; sourceTree = "<group>"; };
/* End PBXFileReference section */

/* Begin PBXFrameworksBuildPhase section */
		3F2BD9E525143F8600DCA0D9 /* Frameworks */ = {
			isa = PBXFrameworksBuildPhase;
			buildActionMask = 2147483647;
			files = (
			);
			runOnlyForDeploymentPostprocessing = 0;
		};
/* End PBXFrameworksBuildPhase section */

/* Begin PBXGroup section */
		3F2BD9DF25143F8600DCA0D9 = {
			isa = PBXGroup;
			children = (
				3F2BD9EA25143F8600DCA0D9 /* Set Game */,
				3F2BD9E925143F8600DCA0D9 /* Products */,
			);
			sourceTree = "<group>";
		};
		3F2BD9E925143F8600DCA0D9 /* Products */ = {
			isa = PBXGroup;
			children = (
				3F2BD9E825143F8600DCA0D9 /* Set Game.app */,
			);
			name = Products;
			sourceTree = "<group>";
		};
		3F2BD9EA25143F8600DCA0D9 /* Set Game */ = {
			isa = PBXGroup;
			children = (
				3F2BD9FF2514406600DCA0D9 /* Model */,
				3F2BD9FE2514405D00DCA0D9 /* View */,
				3F2BD9FD2514403E00DCA0D9 /* ViewModel */,
				3F2BD9FC2514402B00DCA0D9 /* Utility */,
				3F768A2E251DB20E003DA5B2 /* Sounds */,
				3F2BD9EF25143F8A00DCA0D9 /* Assets.xcassets */,
				3F2BD9F425143F8A00DCA0D9 /* Info.plist */,
				3F2BD9F125143F8A00DCA0D9 /* Preview Content */,
			);
			path = "Set Game";
			sourceTree = "<group>";
		};
		3F2BD9F125143F8A00DCA0D9 /* Preview Content */ = {
			isa = PBXGroup;
			children = (
				3F2BD9F225143F8A00DCA0D9 /* Preview Assets.xcassets */,
			);
			path = "Preview Content";
			sourceTree = "<group>";
		};
		3F2BD9FC2514402B00DCA0D9 /* Utility */ = {
			isa = PBXGroup;
			children = (
				3F1FE81525223D79008C20E9 /* Array+Card.swift */,
				3F71059625151DF700895130 /* Array+Identifiable.swift */,
				3F768A14251D22A5003DA5B2 /* SoundPlayer.swift */,
				3F2BDA0E2514784500DCA0D9 /* Symbol+Extension.swift */,
				3F12859725194D480074E1CD /* TimeInterval+CompactString.swift */,
			);
			name = Utility;
			sourceTree = "<group>";
		};
		3F2BD9FD2514403E00DCA0D9 /* ViewModel */ = {
			isa = PBXGroup;
			children = (
				3F710593251519F700895130 /* SetGameViewModel.swift */,
			);
			name = ViewModel;
			sourceTree = "<group>";
		};
		3F2BD9FE2514405D00DCA0D9 /* View */ = {
			isa = PBXGroup;
			children = (
				3F2BDA082514445600DCA0D9 /* Cardify.swift */,
				3F2BDA12251478D100DCA0D9 /* CardView.swift */,
				3F2BDA0B2514452E00DCA0D9 /* SetShape.swift */,
				3F71059925166BC700895130 /* SetShapeView.swift */,
				3F2BD9EB25143F8600DCA0D9 /* Set_GameApp.swift */,
				3F2BD9ED25143F8600DCA0D9 /* SetGameView.swift */,
			);
			name = View;
			sourceTree = "<group>";
		};
		3F2BD9FF2514406600DCA0D9 /* Model */ = {
			isa = PBXGroup;
			children = (
				3F1FE81225223784008C20E9 /* Card.swift */,
				3F2BDA002514409900DCA0D9 /* SetGame.swift */,
			);
			name = Model;
			sourceTree = "<group>";
		};
		3F768A2E251DB20E003DA5B2 /* Sounds */ = {
			isa = PBXGroup;
			children = (
				3F768A24251D6442003DA5B2 /* 84322__splashdust__flipcard.m4a */,
				3F1FE7FD251EDAF6008C20E9 /* 325413__satchdev__cute-pixie-says-game-over.m4a */,
				3F768A21251D6331003DA5B2 /* 328118__greenvwbeetle__pop-7.m4a */,
				3F1FE7FA251ED975008C20E9 /* 483598__raclure__wrong.m4a */,
				3F1FE806251FCE29008C20E9 /* 511484__mattleschuck__success-bell.m4a */,
				3F768A2B251D6A77003DA5B2 /* deal_three_cards.m4a */,
				3F768A28251D6925003DA5B2 /* deal_twelve_cards.m4a */,
				3F1FE7F4251EADF8008C20E9 /* hand_bells_cluster.m4a */,
				3F1FE80F251FD263008C20E9 /* magic_wand.m4a */,
			);
			name = Sounds;
			sourceTree = "<group>";
		};
/* End PBXGroup section */

/* Begin PBXNativeTarget section */
		3F2BD9E725143F8600DCA0D9 /* Set Game */ = {
			isa = PBXNativeTarget;
			buildConfigurationList = 3F2BD9F725143F8A00DCA0D9 /* Build configuration list for PBXNativeTarget "Set Game" */;
			buildPhases = (
				3F2BD9E425143F8600DCA0D9 /* Sources */,
				3F2BD9E525143F8600DCA0D9 /* Frameworks */,
				3F2BD9E625143F8600DCA0D9 /* Resources */,
			);
			buildRules = (
			);
			dependencies = (
			);
			name = "Set Game";
			productName = "Set Game";
			productReference = 3F2BD9E825143F8600DCA0D9 /* Set Game.app */;
			productType = "com.apple.product-type.application";
		};
/* End PBXNativeTarget section */

/* Begin PBXProject section */
		3F2BD9E025143F8600DCA0D9 /* Project object */ = {
			isa = PBXProject;
			attributes = {
				LastSwiftUpdateCheck = 1200;
				LastUpgradeCheck = 1200;
				TargetAttributes = {
					3F2BD9E725143F8600DCA0D9 = {
						CreatedOnToolsVersion = 12.0;
					};
				};
			};
			buildConfigurationList = 3F2BD9E325143F8600DCA0D9 /* Build configuration list for PBXProject "Set Game" */;
			compatibilityVersion = "Xcode 9.3";
			developmentRegion = en;
			hasScannedForEncodings = 0;
			knownRegions = (
				en,
				Base,
			);
			mainGroup = 3F2BD9DF25143F8600DCA0D9;
			productRefGroup = 3F2BD9E925143F8600DCA0D9 /* Products */;
			projectDirPath = "";
			projectRoot = "";
			targets = (
				3F2BD9E725143F8600DCA0D9 /* Set Game */,
			);
		};
/* End PBXProject section */

/* Begin PBXResourcesBuildPhase section */
		3F2BD9E625143F8600DCA0D9 /* Resources */ = {
			isa = PBXResourcesBuildPhase;
			buildActionMask = 2147483647;
			files = (
				3F1FE7FE251EDAF6008C20E9 /* 325413__satchdev__cute-pixie-says-game-over.m4a in Resources */,
				3F768A25251D6442003DA5B2 /* 84322__splashdust__flipcard.m4a in Resources */,
				3F2BD9F325143F8A00DCA0D9 /* Preview Assets.xcassets in Resources */,
				3F768A22251D6331003DA5B2 /* 328118__greenvwbeetle__pop-7.m4a in Resources */,
				3F1FE7F5251EADF8008C20E9 /* hand_bells_cluster.m4a in Resources */,
				3F768A29251D6925003DA5B2 /* deal_twelve_cards.m4a in Resources */,
				3F2BD9F025143F8A00DCA0D9 /* Assets.xcassets in Resources */,
				3F1FE807251FCE29008C20E9 /* 511484__mattleschuck__success-bell.m4a in Resources */,
				3F768A2C251D6A77003DA5B2 /* deal_three_cards.m4a in Resources */,
				3F1FE7FB251ED975008C20E9 /* 483598__raclure__wrong.m4a in Resources */,
				3F1FE810251FD263008C20E9 /* magic_wand.m4a in Resources */,
			);
			runOnlyForDeploymentPostprocessing = 0;
		};
/* End PBXResourcesBuildPhase section */

/* Begin PBXSourcesBuildPhase section */
		3F2BD9E425143F8600DCA0D9 /* Sources */ = {
			isa = PBXSourcesBuildPhase;
			buildActionMask = 2147483647;
			files = (
				3F2BDA0C2514452E00DCA0D9 /* SetShape.swift in Sources */,
				3F1FE81625223D79008C20E9 /* Array+Card.swift in Sources */,
				3F12859825194D480074E1CD /* TimeInterval+CompactString.swift in Sources */,
				3F2BD9EE25143F8600DCA0D9 /* SetGameView.swift in Sources */,
				3F2BD9EC25143F8600DCA0D9 /* Set_GameApp.swift in Sources */,
				3F710594251519F700895130 /* SetGameViewModel.swift in Sources */,
				3F2BDA092514445600DCA0D9 /* Cardify.swift in Sources */,
				3F71059725151DF700895130 /* Array+Identifiable.swift in Sources */,
				3F2BDA012514409900DCA0D9 /* SetGame.swift in Sources */,
				3F1FE81325223784008C20E9 /* Card.swift in Sources */,
				3F2BDA13251478D100DCA0D9 /* CardView.swift in Sources */,
				3F2BDA0F2514784500DCA0D9 /* Symbol+Extension.swift in Sources */,
				3F768A15251D22A5003DA5B2 /* SoundPlayer.swift in Sources */,
				3F71059A25166BC700895130 /* SetShapeView.swift in Sources */,
			);
			runOnlyForDeploymentPostprocessing = 0;
		};
/* End PBXSourcesBuildPhase section */

/* Begin XCBuildConfiguration section */
		3F2BD9F525143F8A00DCA0D9 /* Debug */ = {
			isa = XCBuildConfiguration;
			buildSettings = {
				ALWAYS_SEARCH_USER_PATHS = NO;
				CLANG_ANALYZER_NONNULL = YES;
				CLANG_ANALYZER_NUMBER_OBJECT_CONVERSION = YES_AGGRESSIVE;
				CLANG_CXX_LANGUAGE_STANDARD = "gnu++14";
				CLANG_CXX_LIBRARY = "libc++";
				CLANG_ENABLE_MODULES = YES;
				CLANG_ENABLE_OBJC_ARC = YES;
				CLANG_ENABLE_OBJC_WEAK = YES;
				CLANG_WARN_BLOCK_CAPTURE_AUTORELEASING = YES;
				CLANG_WARN_BOOL_CONVERSION = YES;
				CLANG_WARN_COMMA = YES;
				CLANG_WARN_CONSTANT_CONVERSION = YES;
				CLANG_WARN_DEPRECATED_OBJC_IMPLEMENTATIONS = YES;
				CLANG_WARN_DIRECT_OBJC_ISA_USAGE = YES_ERROR;
				CLANG_WARN_DOCUMENTATION_COMMENTS = YES;
				CLANG_WARN_EMPTY_BODY = YES;
				CLANG_WARN_ENUM_CONVERSION = YES;
				CLANG_WARN_INFINITE_RECURSION = YES;
				CLANG_WARN_INT_CONVERSION = YES;
				CLANG_WARN_NON_LITERAL_NULL_CONVERSION = YES;
				CLANG_WARN_OBJC_IMPLICIT_RETAIN_SELF = YES;
				CLANG_WARN_OBJC_LITERAL_CONVERSION = YES;
				CLANG_WARN_OBJC_ROOT_CLASS = YES_ERROR;
				CLANG_WARN_QUOTED_INCLUDE_IN_FRAMEWORK_HEADER = YES;
				CLANG_WARN_RANGE_LOOP_ANALYSIS = YES;
				CLANG_WARN_STRICT_PROTOTYPES = YES;
				CLANG_WARN_SUSPICIOUS_MOVE = YES;
				CLANG_WARN_UNGUARDED_AVAILABILITY = YES_AGGRESSIVE;
				CLANG_WARN_UNREACHABLE_CODE = YES;
				CLANG_WARN__DUPLICATE_METHOD_MATCH = YES;
				COPY_PHASE_STRIP = NO;
				DEBUG_INFORMATION_FORMAT = dwarf;
				ENABLE_STRICT_OBJC_MSGSEND = YES;
				ENABLE_TESTABILITY = YES;
				GCC_C_LANGUAGE_STANDARD = gnu11;
				GCC_DYNAMIC_NO_PIC = NO;
				GCC_NO_COMMON_BLOCKS = YES;
				GCC_OPTIMIZATION_LEVEL = 0;
				GCC_PREPROCESSOR_DEFINITIONS = (
					"DEBUG=1",
					"$(inherited)",
				);
				GCC_WARN_64_TO_32_BIT_CONVERSION = YES;
				GCC_WARN_ABOUT_RETURN_TYPE = YES_ERROR;
				GCC_WARN_UNDECLARED_SELECTOR = YES;
				GCC_WARN_UNINITIALIZED_AUTOS = YES_AGGRESSIVE;
				GCC_WARN_UNUSED_FUNCTION = YES;
				GCC_WARN_UNUSED_VARIABLE = YES;
				IPHONEOS_DEPLOYMENT_TARGET = 14.0;
				MTL_ENABLE_DEBUG_INFO = INCLUDE_SOURCE;
				MTL_FAST_MATH = YES;
				ONLY_ACTIVE_ARCH = YES;
				SDKROOT = iphoneos;
				SWIFT_ACTIVE_COMPILATION_CONDITIONS = DEBUG;
				SWIFT_OPTIMIZATION_LEVEL = "-Onone";
			};
			name = Debug;
		};
		3F2BD9F625143F8A00DCA0D9 /* Release */ = {
			isa = XCBuildConfiguration;
			buildSettings = {
				ALWAYS_SEARCH_USER_PATHS = NO;
				CLANG_ANALYZER_NONNULL = YES;
				CLANG_ANALYZER_NUMBER_OBJECT_CONVERSION = YES_AGGRESSIVE;
				CLANG_CXX_LANGUAGE_STANDARD = "gnu++14";
				CLANG_CXX_LIBRARY = "libc++";
				CLANG_ENABLE_MODULES = YES;
				CLANG_ENABLE_OBJC_ARC = YES;
				CLANG_ENABLE_OBJC_WEAK = YES;
				CLANG_WARN_BLOCK_CAPTURE_AUTORELEASING = YES;
				CLANG_WARN_BOOL_CONVERSION = YES;
				CLANG_WARN_COMMA = YES;
				CLANG_WARN_CONSTANT_CONVERSION = YES;
				CLANG_WARN_DEPRECATED_OBJC_IMPLEMENTATIONS = YES;
				CLANG_WARN_DIRECT_OBJC_ISA_USAGE = YES_ERROR;
				CLANG_WARN_DOCUMENTATION_COMMENTS = YES;
				CLANG_WARN_EMPTY_BODY = YES;
				CLANG_WARN_ENUM_CONVERSION = YES;
				CLANG_WARN_INFINITE_RECURSION = YES;
				CLANG_WARN_INT_CONVERSION = YES;
				CLANG_WARN_NON_LITERAL_NULL_CONVERSION = YES;
				CLANG_WARN_OBJC_IMPLICIT_RETAIN_SELF = YES;
				CLANG_WARN_OBJC_LITERAL_CONVERSION = YES;
				CLANG_WARN_OBJC_ROOT_CLASS = YES_ERROR;
				CLANG_WARN_QUOTED_INCLUDE_IN_FRAMEWORK_HEADER = YES;
				CLANG_WARN_RANGE_LOOP_ANALYSIS = YES;
				CLANG_WARN_STRICT_PROTOTYPES = YES;
				CLANG_WARN_SUSPICIOUS_MOVE = YES;
				CLANG_WARN_UNGUARDED_AVAILABILITY = YES_AGGRESSIVE;
				CLANG_WARN_UNREACHABLE_CODE = YES;
				CLANG_WARN__DUPLICATE_METHOD_MATCH = YES;
				COPY_PHASE_STRIP = NO;
				DEBUG_INFORMATION_FORMAT = "dwarf-with-dsym";
				ENABLE_NS_ASSERTIONS = NO;
				ENABLE_STRICT_OBJC_MSGSEND = YES;
				GCC_C_LANGUAGE_STANDARD = gnu11;
				GCC_NO_COMMON_BLOCKS = YES;
				GCC_WARN_64_TO_32_BIT_CONVERSION = YES;
				GCC_WARN_ABOUT_RETURN_TYPE = YES_ERROR;
				GCC_WARN_UNDECLARED_SELECTOR = YES;
				GCC_WARN_UNINITIALIZED_AUTOS = YES_AGGRESSIVE;
				GCC_WARN_UNUSED_FUNCTION = YES;
				GCC_WARN_UNUSED_VARIABLE = YES;
				IPHONEOS_DEPLOYMENT_TARGET = 14.0;
				MTL_ENABLE_DEBUG_INFO = NO;
				MTL_FAST_MATH = YES;
				SDKROOT = iphoneos;
				SWIFT_COMPILATION_MODE = wholemodule;
				SWIFT_OPTIMIZATION_LEVEL = "-O";
				VALIDATE_PRODUCT = YES;
			};
			name = Release;
		};
		3F2BD9F825143F8A00DCA0D9 /* Debug */ = {
			isa = XCBuildConfiguration;
			buildSettings = {
				ASSETCATALOG_COMPILER_APPICON_NAME = AppIcon;
				ASSETCATALOG_COMPILER_GLOBAL_ACCENT_COLOR_NAME = AccentColor;
				CODE_SIGN_STYLE = Automatic;
				DEVELOPMENT_ASSET_PATHS = "\"Set Game/Preview Content\"";
				DEVELOPMENT_TEAM = CNWL767P79;
				ENABLE_PREVIEWS = YES;
				INFOPLIST_FILE = "Set Game/Info.plist";
				IPHONEOS_DEPLOYMENT_TARGET = 14.0;
				LD_RUNPATH_SEARCH_PATHS = (
					"$(inherited)",
					"@executable_path/Frameworks",
				);
				PRODUCT_BUNDLE_IDENTIFIER = "edu.byu.is543.set.Set-Game";
				PRODUCT_NAME = "$(TARGET_NAME)";
				SWIFT_VERSION = 5.0;
				TARGETED_DEVICE_FAMILY = "1,2";
			};
			name = Debug;
		};
		3F2BD9F925143F8A00DCA0D9 /* Release */ = {
			isa = XCBuildConfiguration;
			buildSettings = {
				ASSETCATALOG_COMPILER_APPICON_NAME = AppIcon;
				ASSETCATALOG_COMPILER_GLOBAL_ACCENT_COLOR_NAME = AccentColor;
				CODE_SIGN_STYLE = Automatic;
				DEVELOPMENT_ASSET_PATHS = "\"Set Game/Preview Content\"";
				DEVELOPMENT_TEAM = CNWL767P79;
				ENABLE_PREVIEWS = YES;
				INFOPLIST_FILE = "Set Game/Info.plist";
				IPHONEOS_DEPLOYMENT_TARGET = 14.0;
				LD_RUNPATH_SEARCH_PATHS = (
					"$(inherited)",
					"@executable_path/Frameworks",
				);
				PRODUCT_BUNDLE_IDENTIFIER = "edu.byu.is543.set.Set-Game";
				PRODUCT_NAME = "$(TARGET_NAME)";
				SWIFT_VERSION = 5.0;
				TARGETED_DEVICE_FAMILY = "1,2";
			};
			name = Release;
		};
/* End XCBuildConfiguration section */

/* Begin XCConfigurationList section */
		3F2BD9E325143F8600DCA0D9 /* Build configuration list for PBXProject "Set Game" */ = {
			isa = XCConfigurationList;
			buildConfigurations = (
				3F2BD9F525143F8A00DCA0D9 /* Debug */,
				3F2BD9F625143F8A00DCA0D9 /* Release */,
			);
			defaultConfigurationIsVisible = 0;
			defaultConfigurationName = Release;
		};
		3F2BD9F725143F8A00DCA0D9 /* Build configuration list for PBXNativeTarget "Set Game" */ = {
			isa = XCConfigurationList;
			buildConfigurations = (
				3F2BD9F825143F8A00DCA0D9 /* Debug */,
				3F2BD9F925143F8A00DCA0D9 /* Release */,
			);
			defaultConfigurationIsVisible = 0;
			defaultConfigurationName = Release;
		};
/* End XCConfigurationList section */
	};
	rootObject = 3F2BD9E025143F8600DCA0D9 /* Project object */;
}
